// !$*UTF8*$!
{
	archiveVersion = 1;
	classes = {
	};
	objectVersion = 46;
	objects = {

/* Begin PBXBuildFile section */
		9B509A0C1F8CF6F1002C4582 /* AppDelegate.swift in Sources */ = {isa = PBXBuildFile; fileRef = 9B509A0B1F8CF6F1002C4582 /* AppDelegate.swift */; };
		9B509A0E1F8CF6F1002C4582 /* ViewController.swift in Sources */ = {isa = PBXBuildFile; fileRef = 9B509A0D1F8CF6F1002C4582 /* ViewController.swift */; };
		9B509A111F8CF6F1002C4582 /* Main.storyboard in Resources */ = {isa = PBXBuildFile; fileRef = 9B509A0F1F8CF6F1002C4582 /* Main.storyboard */; };
		9B509A131F8CF6F1002C4582 /* Assets.xcassets in Resources */ = {isa = PBXBuildFile; fileRef = 9B509A121F8CF6F1002C4582 /* Assets.xcassets */; };
		9B509A161F8CF6F1002C4582 /* LaunchScreen.storyboard in Resources */ = {isa = PBXBuildFile; fileRef = 9B509A141F8CF6F1002C4582 /* LaunchScreen.storyboard */; };
		9B509A1F1F8D00D8002C4582 /* launch.png in Resources */ = {isa = PBXBuildFile; fileRef = 9B509A1E1F8D00D8002C4582 /* launch.png */; };
		9B509A281F8D03CB002C4582 /* Icon-App-20x20@2x.png in Resources */ = {isa = PBXBuildFile; fileRef = 9B509A201F8D03CB002C4582 /* Icon-App-20x20@2x.png */; };
		9B509A291F8D03CB002C4582 /* Icon-App-20x20@3x.png in Resources */ = {isa = PBXBuildFile; fileRef = 9B509A211F8D03CB002C4582 /* Icon-App-20x20@3x.png */; };
		9B509A2A1F8D03CB002C4582 /* Icon-App-29x29@2x.png in Resources */ = {isa = PBXBuildFile; fileRef = 9B509A221F8D03CB002C4582 /* Icon-App-29x29@2x.png */; };
		9B509A2B1F8D03CB002C4582 /* Icon-App-29x29@3x.png in Resources */ = {isa = PBXBuildFile; fileRef = 9B509A231F8D03CB002C4582 /* Icon-App-29x29@3x.png */; };
		9B509A2C1F8D03CB002C4582 /* Icon-App-40x40@2x.png in Resources */ = {isa = PBXBuildFile; fileRef = 9B509A241F8D03CB002C4582 /* Icon-App-40x40@2x.png */; };
		9B509A2D1F8D03CB002C4582 /* Icon-App-40x40@3x.png in Resources */ = {isa = PBXBuildFile; fileRef = 9B509A251F8D03CB002C4582 /* Icon-App-40x40@3x.png */; };
		9B509A2E1F8D03CB002C4582 /* Icon-App-60x60@2x.png in Resources */ = {isa = PBXBuildFile; fileRef = 9B509A261F8D03CB002C4582 /* Icon-App-60x60@2x.png */; };
		9B509A2F1F8D03CB002C4582 /* Icon-App-60x60@3x.png in Resources */ = {isa = PBXBuildFile; fileRef = 9B509A271F8D03CB002C4582 /* Icon-App-60x60@3x.png */; };
/* End PBXBuildFile section */

/* Begin PBXFileReference section */
		9B509A081F8CF6F1002C4582 /* poker.app */ = {isa = PBXFileReference; explicitFileType = wrapper.application; includeInIndex = 0; path = poker.app; sourceTree = BUILT_PRODUCTS_DIR; };
		9B509A0B1F8CF6F1002C4582 /* AppDelegate.swift */ = {isa = PBXFileReference; lastKnownFileType = sourcecode.swift; path = AppDelegate.swift; sourceTree = "<group>"; };
		9B509A0D1F8CF6F1002C4582 /* ViewController.swift */ = {isa = PBXFileReference; lastKnownFileType = sourcecode.swift; path = ViewController.swift; sourceTree = "<group>"; };
		9B509A101F8CF6F1002C4582 /* Base */ = {isa = PBXFileReference; lastKnownFileType = file.storyboard; name = Base; path = Base.lproj/Main.storyboard; sourceTree = "<group>"; };
		9B509A121F8CF6F1002C4582 /* Assets.xcassets */ = {isa = PBXFileReference; lastKnownFileType = folder.assetcatalog; path = Assets.xcassets; sourceTree = "<group>"; };
		9B509A151F8CF6F1002C4582 /* Base */ = {isa = PBXFileReference; lastKnownFileType = file.storyboard; name = Base; path = Base.lproj/LaunchScreen.storyboard; sourceTree = "<group>"; };
		9B509A171F8CF6F1002C4582 /* Info.plist */ = {isa = PBXFileReference; lastKnownFileType = text.plist.xml; path = Info.plist; sourceTree = "<group>"; };
		9B509A1E1F8D00D8002C4582 /* launch.png */ = {isa = PBXFileReference; lastKnownFileType = image.png; name = launch.png; path = img/launch.png; sourceTree = "<group>"; };
		9B509A201F8D03CB002C4582 /* Icon-App-20x20@2x.png */ = {isa = PBXFileReference; lastKnownFileType = image.png; name = "Icon-App-20x20@2x.png"; path = "img/Icon-App-20x20@2x.png"; sourceTree = "<group>"; };
		9B509A211F8D03CB002C4582 /* Icon-App-20x20@3x.png */ = {isa = PBXFileReference; lastKnownFileType = image.png; name = "Icon-App-20x20@3x.png"; path = "img/Icon-App-20x20@3x.png"; sourceTree = "<group>"; };
		9B509A221F8D03CB002C4582 /* Icon-App-29x29@2x.png */ = {isa = PBXFileReference; lastKnownFileType = image.png; name = "Icon-App-29x29@2x.png"; path = "img/Icon-App-29x29@2x.png"; sourceTree = "<group>"; };
		9B509A231F8D03CB002C4582 /* Icon-App-29x29@3x.png */ = {isa = PBXFileReference; lastKnownFileType = image.png; name = "Icon-App-29x29@3x.png"; path = "img/Icon-App-29x29@3x.png"; sourceTree = "<group>"; };
		9B509A241F8D03CB002C4582 /* Icon-App-40x40@2x.png */ = {isa = PBXFileReference; lastKnownFileType = image.png; name = "Icon-App-40x40@2x.png"; path = "img/Icon-App-40x40@2x.png"; sourceTree = "<group>"; };
		9B509A251F8D03CB002C4582 /* Icon-App-40x40@3x.png */ = {isa = PBXFileReference; lastKnownFileType = image.png; name = "Icon-App-40x40@3x.png"; path = "img/Icon-App-40x40@3x.png"; sourceTree = "<group>"; };
		9B509A261F8D03CB002C4582 /* Icon-App-60x60@2x.png */ = {isa = PBXFileReference; lastKnownFileType = image.png; name = "Icon-App-60x60@2x.png"; path = "img/Icon-App-60x60@2x.png"; sourceTree = "<group>"; };
		9B509A271F8D03CB002C4582 /* Icon-App-60x60@3x.png */ = {isa = PBXFileReference; lastKnownFileType = image.png; name = "Icon-App-60x60@3x.png"; path = "img/Icon-App-60x60@3x.png"; sourceTree = "<group>"; };
/* End PBXFileReference section */

/* Begin PBXFrameworksBuildPhase section */
		9B509A051F8CF6F0002C4582 /* Frameworks */ = {
			isa = PBXFrameworksBuildPhase;
			buildActionMask = 2147483647;
			files = (
			);
			runOnlyForDeploymentPostprocessing = 0;
		};
/* End PBXFrameworksBuildPhase section */

/* Begin PBXGroup section */
		9B5099FF1F8CF6F0002C4582 = {
			isa = PBXGroup;
			children = (
				9B509A0A1F8CF6F1002C4582 /* poker */,
				9B509A091F8CF6F1002C4582 /* Products */,
			);
			sourceTree = "<group>";
		};
		9B509A091F8CF6F1002C4582 /* Products */ = {
			isa = PBXGroup;
			children = (
				9B509A081F8CF6F1002C4582 /* poker.app */,
			);
			name = Products;
			sourceTree = "<group>";
		};
		9B509A0A1F8CF6F1002C4582 /* poker */ = {
			isa = PBXGroup;
			children = (
				9B509A1D1F8D0090002C4582 /* img */,
				9B509A0B1F8CF6F1002C4582 /* AppDelegate.swift */,
				9B509A0D1F8CF6F1002C4582 /* ViewController.swift */,
				9B509A0F1F8CF6F1002C4582 /* Main.storyboard */,
				9B509A121F8CF6F1002C4582 /* Assets.xcassets */,
				9B509A141F8CF6F1002C4582 /* LaunchScreen.storyboard */,
				9B509A171F8CF6F1002C4582 /* Info.plist */,
			);
			path = poker;
			sourceTree = "<group>";
		};
		9B509A1D1F8D0090002C4582 /* img */ = {
			isa = PBXGroup;
			children = (
				9B509A201F8D03CB002C4582 /* Icon-App-20x20@2x.png */,
				9B509A211F8D03CB002C4582 /* Icon-App-20x20@3x.png */,
				9B509A221F8D03CB002C4582 /* Icon-App-29x29@2x.png */,
				9B509A231F8D03CB002C4582 /* Icon-App-29x29@3x.png */,
				9B509A241F8D03CB002C4582 /* Icon-App-40x40@2x.png */,
				9B509A251F8D03CB002C4582 /* Icon-App-40x40@3x.png */,
				9B509A261F8D03CB002C4582 /* Icon-App-60x60@2x.png */,
				9B509A271F8D03CB002C4582 /* Icon-App-60x60@3x.png */,
				9B509A1E1F8D00D8002C4582 /* launch.png */,
			);
			name = img;
			sourceTree = "<group>";
		};
/* End PBXGroup section */

/* Begin PBXNativeTarget section */
		9B509A071F8CF6F0002C4582 /* poker */ = {
			isa = PBXNativeTarget;
			buildConfigurationList = 9B509A1A1F8CF6F1002C4582 /* Build configuration list for PBXNativeTarget "poker" */;
			buildPhases = (
				9B509A041F8CF6F0002C4582 /* Sources */,
				9B509A051F8CF6F0002C4582 /* Frameworks */,
				9B509A061F8CF6F0002C4582 /* Resources */,
			);
			buildRules = (
			);
			dependencies = (
			);
			name = poker;
			productName = poker;
			productReference = 9B509A081F8CF6F1002C4582 /* poker.app */;
			productType = "com.apple.product-type.application";
		};
/* End PBXNativeTarget section */

/* Begin PBXProject section */
		9B509A001F8CF6F0002C4582 /* Project object */ = {
			isa = PBXProject;
			attributes = {
				LastSwiftUpdateCheck = 0820;
				LastUpgradeCheck = 0820;
				ORGANIZATIONNAME = eleves;
				TargetAttributes = {
					9B509A071F8CF6F0002C4582 = {
						CreatedOnToolsVersion = 8.2;
						ProvisioningStyle = Automatic;
					};
				};
			};
			buildConfigurationList = 9B509A031F8CF6F0002C4582 /* Build configuration list for PBXProject "poker" */;
			compatibilityVersion = "Xcode 3.2";
			developmentRegion = English;
			hasScannedForEncodings = 0;
			knownRegions = (
				en,
				Base,
			);
			mainGroup = 9B5099FF1F8CF6F0002C4582;
			productRefGroup = 9B509A091F8CF6F1002C4582 /* Products */;
			projectDirPath = "";
			projectRoot = "";
			targets = (
				9B509A071F8CF6F0002C4582 /* poker */,
			);
		};
/* End PBXProject section */

/* Begin PBXResourcesBuildPhase section */
		9B509A061F8CF6F0002C4582 /* Resources */ = {
			isa = PBXResourcesBuildPhase;
			buildActionMask = 2147483647;
			files = (
				9B509A1F1F8D00D8002C4582 /* launch.png in Resources */,
				9B509A2A1F8D03CB002C4582 /* Icon-App-29x29@2x.png in Resources */,
				9B509A161F8CF6F1002C4582 /* LaunchScreen.storyboard in Resources */,
				9B509A2F1F8D03CB002C4582 /* Icon-App-60x60@3x.png in Resources */,
				9B509A131F8CF6F1002C4582 /* Assets.xcassets in Resources */,
				9B509A281F8D03CB002C4582 /* Icon-App-20x20@2x.png in Resources */,
				9B509A2D1F8D03CB002C4582 /* Icon-App-40x40@3x.png in Resources */,
				9B509A2E1F8D03CB002C4582 /* Icon-App-60x60@2x.png in Resources */,
				9B509A2B1F8D03CB002C4582 /* Icon-App-29x29@3x.png in Resources */,
				9B509A2C1F8D03CB002C4582 /* Icon-App-40x40@2x.png in Resources */,
				9B509A111F8CF6F1002C4582 /* Main.storyboard in Resources */,
				9B509A291F8D03CB002C4582 /* Icon-App-20x20@3x.png in Resources */,
			);
			runOnlyForDeploymentPostprocessing = 0;
		};
/* End PBXResourcesBuildPhase section */

/* Begin PBXSourcesBuildPhase section */
		9B509A041F8CF6F0002C4582 /* Sources */ = {
			isa = PBXSourcesBuildPhase;
			buildActionMask = 2147483647;
			files = (
				9B509A0E1F8CF6F1002C4582 /* ViewController.swift in Sources */,
				9B509A0C1F8CF6F1002C4582 /* AppDelegate.swift in Sources */,
			);
			runOnlyForDeploymentPostprocessing = 0;
		};
/* End PBXSourcesBuildPhase section */

/* Begin PBXVariantGroup section */
		9B509A0F1F8CF6F1002C4582 /* Main.storyboard */ = {
			isa = PBXVariantGroup;
			children = (
				9B509A101F8CF6F1002C4582 /* Base */,
			);
			name = Main.storyboard;
			sourceTree = "<group>";
		};
		9B509A141F8CF6F1002C4582 /* LaunchScreen.storyboard */ = {
			isa = PBXVariantGroup;
			children = (
				9B509A151F8CF6F1002C4582 /* Base */,
			);
			name = LaunchScreen.storyboard;
			sourceTree = "<group>";
		};
/* End PBXVariantGroup section */

/* Begin XCBuildConfiguration section */
		9B509A181F8CF6F1002C4582 /* Debug */ = {
			isa = XCBuildConfiguration;
			buildSettings = {
				ALWAYS_SEARCH_USER_PATHS = NO;
				CLANG_ANALYZER_NONNULL = YES;
				CLANG_CXX_LANGUAGE_STANDARD = "gnu++0x";
				CLANG_CXX_LIBRARY = "libc++";
				CLANG_ENABLE_MODULES = YES;
				CLANG_ENABLE_OBJC_ARC = YES;
				CLANG_WARN_BOOL_CONVERSION = YES;
				CLANG_WARN_CONSTANT_CONVERSION = YES;
				CLANG_WARN_DIRECT_OBJC_ISA_USAGE = YES_ERROR;
				CLANG_WARN_DOCUMENTATION_COMMENTS = YES;
				CLANG_WARN_EMPTY_BODY = YES;
				CLANG_WARN_ENUM_CONVERSION = YES;
				CLANG_WARN_INFINITE_RECURSION = YES;
				CLANG_WARN_INT_CONVERSION = YES;
				CLANG_WARN_OBJC_ROOT_CLASS = YES_ERROR;
				CLANG_WARN_SUSPICIOUS_MOVE = YES;
				CLANG_WARN_UNREACHABLE_CODE = YES;
				CLANG_WARN__DUPLICATE_METHOD_MATCH = YES;
				"CODE_SIGN_IDENTITY[sdk=iphoneos*]" = "iPhone Developer";
				COPY_PHASE_STRIP = NO;
				DEBUG_INFORMATION_FORMAT = dwarf;
				ENABLE_STRICT_OBJC_MSGSEND = YES;
				ENABLE_TESTABILITY = YES;
				GCC_C_LANGUAGE_STANDARD = gnu99;
				GCC_DYNAMIC_NO_PIC = NO;
				GCC_NO_COMMON_BLOCKS = YES;
				GCC_OPTIMIZATION_LEVEL = 0;
				GCC_PREPROCESSOR_DEFINITIONS = (
					"DEBUG=1",
					"$(inherited)",
				);
				GCC_WARN_64_TO_32_BIT_CONVERSION = YES;
				GCC_WARN_ABOUT_RETURN_TYPE = YES_ERROR;
				GCC_WARN_UNDECLARED_SELECTOR = YES;
				GCC_WARN_UNINITIALIZED_AUTOS = YES_AGGRESSIVE;
				GCC_WARN_UNUSED_FUNCTION = YES;
				GCC_WARN_UNUSED_VARIABLE = YES;
				IPHONEOS_DEPLOYMENT_TARGET = 10.2;
				MTL_ENABLE_DEBUG_INFO = YES;
				ONLY_ACTIVE_ARCH = YES;
				SDKROOT = iphoneos;
				SWIFT_ACTIVE_COMPILATION_CONDITIONS = DEBUG;
				SWIFT_OPTIMIZATION_LEVEL = "-Onone";
			};
			name = Debug;
		};
		9B509A191F8CF6F1002C4582 /* Release */ = {
			isa = XCBuildConfiguration;
			buildSettings = {
				ALWAYS_SEARCH_USER_PATHS = NO;
				CLANG_ANALYZER_NONNULL = YES;
				CLANG_CXX_LANGUAGE_STANDARD = "gnu++0x";
				CLANG_CXX_LIBRARY = "libc++";
				CLANG_ENABLE_MODULES = YES;
				CLANG_ENABLE_OBJC_ARC = YES;
				CLANG_WARN_BOOL_CONVERSION = YES;
				CLANG_WARN_CONSTANT_CONVERSION = YES;
				CLANG_WARN_DIRECT_OBJC_ISA_USAGE = YES_ERROR;
				CLANG_WARN_DOCUMENTATION_COMMENTS = YES;
				CLANG_WARN_EMPTY_BODY = YES;
				CLANG_WARN_ENUM_CONVERSION = YES;
				CLANG_WARN_INFINITE_RECURSION = YES;
				CLANG_WARN_INT_CONVERSION = YES;
				CLANG_WARN_OBJC_ROOT_CLASS = YES_ERROR;
				CLANG_WARN_SUSPICIOUS_MOVE = YES;
				CLANG_WARN_UNREACHABLE_CODE = YES;
				CLANG_WARN__DUPLICATE_METHOD_MATCH = YES;
				"CODE_SIGN_IDENTITY[sdk=iphoneos*]" = "iPhone Developer";
				COPY_PHASE_STRIP = NO;
				DEBUG_INFORMATION_FORMAT = "dwarf-with-dsym";
				ENABLE_NS_ASSERTIONS = NO;
				ENABLE_STRICT_OBJC_MSGSEND = YES;
				GCC_C_LANGUAGE_STANDARD = gnu99;
				GCC_NO_COMMON_BLOCKS = YES;
				GCC_WARN_64_TO_32_BIT_CONVERSION = YES;
				GCC_WARN_ABOUT_RETURN_TYPE = YES_ERROR;
				GCC_WARN_UNDECLARED_SELECTOR = YES;
				GCC_WARN_UNINITIALIZED_AUTOS = YES_AGGRESSIVE;
				GCC_WARN_UNUSED_FUNCTION = YES;
				GCC_WARN_UNUSED_VARIABLE = YES;
				IPHONEOS_DEPLOYMENT_TARGET = 10.2;
				MTL_ENABLE_DEBUG_INFO = NO;
				SDKROOT = iphoneos;
				SWIFT_OPTIMIZATION_LEVEL = "-Owholemodule";
				VALIDATE_PRODUCT = YES;
			};
			name = Release;
		};
		9B509A1B1F8CF6F1002C4582 /* Debug */ = {
			isa = XCBuildConfiguration;
			buildSettings = {
				ASSETCATALOG_COMPILER_APPICON_NAME = AppIcon;
				INFOPLIST_FILE = poker/Info.plist;
				LD_RUNPATH_SEARCH_PATHS = "$(inherited) @executable_path/Frameworks";
				PRODUCT_BUNDLE_IDENTIFIER = com.fabiose.introprog.poker;
				PRODUCT_NAME = "$(TARGET_NAME)";
				SWIFT_VERSION = 3.0;
			};
			name = Debug;
		};
		9B509A1C1F8CF6F1002C4582 /* Release */ = {
			isa = XCBuildConfiguration;
			buildSettings = {
				ASSETCATALOG_COMPILER_APPICON_NAME = AppIcon;
				INFOPLIST_FILE = poker/Info.plist;
				LD_RUNPATH_SEARCH_PATHS = "$(inherited) @executable_path/Frameworks";
				PRODUCT_BUNDLE_IDENTIFIER = com.fabiose.introprog.poker;
				PRODUCT_NAME = "$(TARGET_NAME)";
				SWIFT_VERSION = 3.0;
			};
			name = Release;
		};
/* End XCBuildConfiguration section */

/* Begin XCConfigurationList section */
		9B509A031F8CF6F0002C4582 /* Build configuration list for PBXProject "poker" */ = {
			isa = XCConfigurationList;
			buildConfigurations = (
				9B509A181F8CF6F1002C4582 /* Debug */,
				9B509A191F8CF6F1002C4582 /* Release */,
			);
			defaultConfigurationIsVisible = 0;
			defaultConfigurationName = Release;
		};
		9B509A1A1F8CF6F1002C4582 /* Build configuration list for PBXNativeTarget "poker" */ = {
			isa = XCConfigurationList;
			buildConfigurations = (
				9B509A1B1F8CF6F1002C4582 /* Debug */,
				9B509A1C1F8CF6F1002C4582 /* Release */,
			);
			defaultConfigurationIsVisible = 0;
		};
/* End XCConfigurationList section */
	};
	rootObject = 9B509A001F8CF6F0002C4582 /* Project object */;
}
