// !$*UTF8*$!
{
	archiveVersion = 1;
	classes = {
	};
	objectVersion = 46;
	objects = {

/* Begin PBXBuildFile section */
		9B509A0C1F8CF6F1002C4582 /* AppDelegate.swift in Sources */ = {isa = PBXBuildFile; fileRef = 9B509A0B1F8CF6F1002C4582 /* AppDelegate.swift */; };
		9B509A0E1F8CF6F1002C4582 /* ViewController.swift in Sources */ = {isa = PBXBuildFile; fileRef = 9B509A0D1F8CF6F1002C4582 /* ViewController.swift */; };
		9B509A111F8CF6F1002C4582 /* Main.storyboard in Resources */ = {isa = PBXBuildFile; fileRef = 9B509A0F1F8CF6F1002C4582 /* Main.storyboard */; };
		9B509A131F8CF6F1002C4582 /* Assets.xcassets in Resources */ = {isa = PBXBuildFile; fileRef = 9B509A121F8CF6F1002C4582 /* Assets.xcassets */; };
		9B509A161F8CF6F1002C4582 /* LaunchScreen.storyboard in Resources */ = {isa = PBXBuildFile; fileRef = 9B509A141F8CF6F1002C4582 /* LaunchScreen.storyboard */; };
		9B509A1F1F8D00D8002C4582 /* launch.png in Resources */ = {isa = PBXBuildFile; fileRef = 9B509A1E1F8D00D8002C4582 /* launch.png */; };
		9B509A3E1F8D1CE0002C4582 /* Icon-App-20x20@2x.png in Resources */ = {isa = PBXBuildFile; fileRef = 9B509A361F8D1CE0002C4582 /* Icon-App-20x20@2x.png */; };
		9B509A3F1F8D1CE0002C4582 /* Icon-App-20x20@3x.png in Resources */ = {isa = PBXBuildFile; fileRef = 9B509A371F8D1CE0002C4582 /* Icon-App-20x20@3x.png */; };
		9B509A401F8D1CE0002C4582 /* Icon-App-29x29@2x.png in Resources */ = {isa = PBXBuildFile; fileRef = 9B509A381F8D1CE0002C4582 /* Icon-App-29x29@2x.png */; };
		9B509A411F8D1CE0002C4582 /* Icon-App-29x29@3x.png in Resources */ = {isa = PBXBuildFile; fileRef = 9B509A391F8D1CE0002C4582 /* Icon-App-29x29@3x.png */; };
		9B509A421F8D1CE0002C4582 /* Icon-App-40x40@2x.png in Resources */ = {isa = PBXBuildFile; fileRef = 9B509A3A1F8D1CE0002C4582 /* Icon-App-40x40@2x.png */; };
		9B509A431F8D1CE0002C4582 /* Icon-App-40x40@3x.png in Resources */ = {isa = PBXBuildFile; fileRef = 9B509A3B1F8D1CE0002C4582 /* Icon-App-40x40@3x.png */; };
		9B509A441F8D1CE0002C4582 /* Icon-App-60x60@2x.png in Resources */ = {isa = PBXBuildFile; fileRef = 9B509A3C1F8D1CE0002C4582 /* Icon-App-60x60@2x.png */; };
		9B509A451F8D1CE0002C4582 /* Icon-App-60x60@3x.png in Resources */ = {isa = PBXBuildFile; fileRef = 9B509A3D1F8D1CE0002C4582 /* Icon-App-60x60@3x.png */; };
		9B509A531F8D1CEE002C4582 /* 2s.png in Resources */ = {isa = PBXBuildFile; fileRef = 9B509A461F8D1CEE002C4582 /* 2s.png */; };
		9B509A541F8D1CEE002C4582 /* 3s.png in Resources */ = {isa = PBXBuildFile; fileRef = 9B509A471F8D1CEE002C4582 /* 3s.png */; };
		9B509A551F8D1CEE002C4582 /* 4s.png in Resources */ = {isa = PBXBuildFile; fileRef = 9B509A481F8D1CEE002C4582 /* 4s.png */; };
		9B509A561F8D1CEE002C4582 /* 5s.png in Resources */ = {isa = PBXBuildFile; fileRef = 9B509A491F8D1CEE002C4582 /* 5s.png */; };
		9B509A571F8D1CEE002C4582 /* 6s.png in Resources */ = {isa = PBXBuildFile; fileRef = 9B509A4A1F8D1CEE002C4582 /* 6s.png */; };
		9B509A581F8D1CEE002C4582 /* 7s.png in Resources */ = {isa = PBXBuildFile; fileRef = 9B509A4B1F8D1CEE002C4582 /* 7s.png */; };
		9B509A591F8D1CEE002C4582 /* 8s.png in Resources */ = {isa = PBXBuildFile; fileRef = 9B509A4C1F8D1CEE002C4582 /* 8s.png */; };
		9B509A5A1F8D1CEE002C4582 /* 9s.png in Resources */ = {isa = PBXBuildFile; fileRef = 9B509A4D1F8D1CEE002C4582 /* 9s.png */; };
		9B509A5B1F8D1CEE002C4582 /* 10s.png in Resources */ = {isa = PBXBuildFile; fileRef = 9B509A4E1F8D1CEE002C4582 /* 10s.png */; };
		9B509A6D1F8D1CFD002C4582 /* 2c.png in Resources */ = {isa = PBXBuildFile; fileRef = 9B509A601F8D1CFD002C4582 /* 2c.png */; };
		9B509A6E1F8D1CFD002C4582 /* 3c.png in Resources */ = {isa = PBXBuildFile; fileRef = 9B509A611F8D1CFD002C4582 /* 3c.png */; };
		9B509A6F1F8D1CFD002C4582 /* 4c.png in Resources */ = {isa = PBXBuildFile; fileRef = 9B509A621F8D1CFD002C4582 /* 4c.png */; };
		9B509A701F8D1CFD002C4582 /* 5c.png in Resources */ = {isa = PBXBuildFile; fileRef = 9B509A631F8D1CFD002C4582 /* 5c.png */; };
		9B509A711F8D1CFD002C4582 /* 6c.png in Resources */ = {isa = PBXBuildFile; fileRef = 9B509A641F8D1CFD002C4582 /* 6c.png */; };
		9B509A721F8D1CFD002C4582 /* 7c.png in Resources */ = {isa = PBXBuildFile; fileRef = 9B509A651F8D1CFD002C4582 /* 7c.png */; };
		9B509A731F8D1CFD002C4582 /* 8c.png in Resources */ = {isa = PBXBuildFile; fileRef = 9B509A661F8D1CFD002C4582 /* 8c.png */; };
		9B509A741F8D1CFD002C4582 /* 9c.png in Resources */ = {isa = PBXBuildFile; fileRef = 9B509A671F8D1CFD002C4582 /* 9c.png */; };
		9B509A751F8D1CFD002C4582 /* 10c.png in Resources */ = {isa = PBXBuildFile; fileRef = 9B509A681F8D1CFD002C4582 /* 10c.png */; };
		9B509A871F8D1D63002C4582 /* 2cl.png in Resources */ = {isa = PBXBuildFile; fileRef = 9B509A7A1F8D1D63002C4582 /* 2cl.png */; };
		9B509A881F8D1D63002C4582 /* 3cl.png in Resources */ = {isa = PBXBuildFile; fileRef = 9B509A7B1F8D1D63002C4582 /* 3cl.png */; };
		9B509A891F8D1D63002C4582 /* 4cl.png in Resources */ = {isa = PBXBuildFile; fileRef = 9B509A7C1F8D1D63002C4582 /* 4cl.png */; };
		9B509A8A1F8D1D63002C4582 /* 5cl.png in Resources */ = {isa = PBXBuildFile; fileRef = 9B509A7D1F8D1D63002C4582 /* 5cl.png */; };
		9B509A8B1F8D1D63002C4582 /* 6cl.png in Resources */ = {isa = PBXBuildFile; fileRef = 9B509A7E1F8D1D63002C4582 /* 6cl.png */; };
		9B509A8C1F8D1D63002C4582 /* 7cl.png in Resources */ = {isa = PBXBuildFile; fileRef = 9B509A7F1F8D1D63002C4582 /* 7cl.png */; };
		9B509A8D1F8D1D63002C4582 /* 8cl.png in Resources */ = {isa = PBXBuildFile; fileRef = 9B509A801F8D1D63002C4582 /* 8cl.png */; };
		9B509A8E1F8D1D63002C4582 /* 9cl.png in Resources */ = {isa = PBXBuildFile; fileRef = 9B509A811F8D1D63002C4582 /* 9cl.png */; };
		9B509A8F1F8D1D63002C4582 /* 10cl.png in Resources */ = {isa = PBXBuildFile; fileRef = 9B509A821F8D1D63002C4582 /* 10cl.png */; };
		9B509AA11F8D1D70002C4582 /* 2d.png in Resources */ = {isa = PBXBuildFile; fileRef = 9B509A941F8D1D70002C4582 /* 2d.png */; };
		9B509AA21F8D1D70002C4582 /* 3d.png in Resources */ = {isa = PBXBuildFile; fileRef = 9B509A951F8D1D70002C4582 /* 3d.png */; };
		9B509AA31F8D1D70002C4582 /* 4d.png in Resources */ = {isa = PBXBuildFile; fileRef = 9B509A961F8D1D70002C4582 /* 4d.png */; };
		9B509AA41F8D1D70002C4582 /* 5d.png in Resources */ = {isa = PBXBuildFile; fileRef = 9B509A971F8D1D70002C4582 /* 5d.png */; };
		9B509AA51F8D1D70002C4582 /* 6d.png in Resources */ = {isa = PBXBuildFile; fileRef = 9B509A981F8D1D70002C4582 /* 6d.png */; };
		9B509AA61F8D1D70002C4582 /* 7d.png in Resources */ = {isa = PBXBuildFile; fileRef = 9B509A991F8D1D70002C4582 /* 7d.png */; };
		9B509AA71F8D1D70002C4582 /* 8d.png in Resources */ = {isa = PBXBuildFile; fileRef = 9B509A9A1F8D1D70002C4582 /* 8d.png */; };
		9B509AA81F8D1D70002C4582 /* 9d.png in Resources */ = {isa = PBXBuildFile; fileRef = 9B509A9B1F8D1D70002C4582 /* 9d.png */; };
		9B509AA91F8D1D70002C4582 /* 10d.png in Resources */ = {isa = PBXBuildFile; fileRef = 9B509A9C1F8D1D70002C4582 /* 10d.png */; };
		9B509AB41F8D2333002C4582 /* blur1.png in Resources */ = {isa = PBXBuildFile; fileRef = 9B509AAF1F8D2333002C4582 /* blur1.png */; };
		9B509AB51F8D2333002C4582 /* blur2.png in Resources */ = {isa = PBXBuildFile; fileRef = 9B509AB01F8D2333002C4582 /* blur2.png */; };
		9B509AB61F8D2333002C4582 /* blur3.png in Resources */ = {isa = PBXBuildFile; fileRef = 9B509AB11F8D2333002C4582 /* blur3.png */; };
		9B509AB71F8D2333002C4582 /* blur4.png in Resources */ = {isa = PBXBuildFile; fileRef = 9B509AB21F8D2333002C4582 /* blur4.png */; };
		9B509AB81F8D2333002C4582 /* blur5.png in Resources */ = {isa = PBXBuildFile; fileRef = 9B509AB31F8D2333002C4582 /* blur5.png */; };
		9B509AC31F8D3D27002C4582 /* button.png in Resources */ = {isa = PBXBuildFile; fileRef = 9B509AC11F8D3D27002C4582 /* button.png */; };
		9B509AC41F8D3D27002C4582 /* button2.png in Resources */ = {isa = PBXBuildFile; fileRef = 9B509AC21F8D3D27002C4582 /* button2.png */; };
		9B509ACB1F8E4E3F002C4582 /* back1.png in Resources */ = {isa = PBXBuildFile; fileRef = 9B509AC61F8E4E3F002C4582 /* back1.png */; };
		9B509ACC1F8E4E3F002C4582 /* back2.png in Resources */ = {isa = PBXBuildFile; fileRef = 9B509AC71F8E4E3F002C4582 /* back2.png */; };
		9B509ACD1F8E4E3F002C4582 /* back3.png in Resources */ = {isa = PBXBuildFile; fileRef = 9B509AC81F8E4E3F002C4582 /* back3.png */; };
		9B509ACE1F8E4E3F002C4582 /* back4.png in Resources */ = {isa = PBXBuildFile; fileRef = 9B509AC91F8E4E3F002C4582 /* back4.png */; };
		9B509ACF1F8E4E3F002C4582 /* back5.png in Resources */ = {isa = PBXBuildFile; fileRef = 9B509ACA1F8E4E3F002C4582 /* back5.png */; };
		9B509AD51F8E57FA002C4582 /* blur6.png in Resources */ = {isa = PBXBuildFile; fileRef = 9B509AD01F8E57FA002C4582 /* blur6.png */; };
		9B509AD61F8E57FA002C4582 /* blur7.png in Resources */ = {isa = PBXBuildFile; fileRef = 9B509AD11F8E57FA002C4582 /* blur7.png */; };
		9B509AD71F8E57FA002C4582 /* blur8.png in Resources */ = {isa = PBXBuildFile; fileRef = 9B509AD21F8E57FA002C4582 /* blur8.png */; };
		9B509AD81F8E57FA002C4582 /* blur9.png in Resources */ = {isa = PBXBuildFile; fileRef = 9B509AD31F8E57FA002C4582 /* blur9.png */; };
		9B509AD91F8E57FA002C4582 /* blur10.png in Resources */ = {isa = PBXBuildFile; fileRef = 9B509AD41F8E57FA002C4582 /* blur10.png */; };
		9B509ADE1F8E6EDD002C4582 /* 1s.png in Resources */ = {isa = PBXBuildFile; fileRef = 9B509ADA1F8E6EDD002C4582 /* 1s.png */; };
		9B509ADF1F8E6EDD002C4582 /* 11s.png in Resources */ = {isa = PBXBuildFile; fileRef = 9B509ADB1F8E6EDD002C4582 /* 11s.png */; };
		9B509AE01F8E6EDD002C4582 /* 12s.png in Resources */ = {isa = PBXBuildFile; fileRef = 9B509ADC1F8E6EDD002C4582 /* 12s.png */; };
		9B509AE11F8E6EDD002C4582 /* 13s.png in Resources */ = {isa = PBXBuildFile; fileRef = 9B509ADD1F8E6EDD002C4582 /* 13s.png */; };
		9B509AE61F8E6EEC002C4582 /* 1c.png in Resources */ = {isa = PBXBuildFile; fileRef = 9B509AE21F8E6EEC002C4582 /* 1c.png */; };
		9B509AE71F8E6EEC002C4582 /* 11c.png in Resources */ = {isa = PBXBuildFile; fileRef = 9B509AE31F8E6EEC002C4582 /* 11c.png */; };
		9B509AE81F8E6EEC002C4582 /* 12c.png in Resources */ = {isa = PBXBuildFile; fileRef = 9B509AE41F8E6EEC002C4582 /* 12c.png */; };
		9B509AE91F8E6EEC002C4582 /* 13c.png in Resources */ = {isa = PBXBuildFile; fileRef = 9B509AE51F8E6EEC002C4582 /* 13c.png */; };
		9B509AEE1F8E6EFE002C4582 /* 1cl.png in Resources */ = {isa = PBXBuildFile; fileRef = 9B509AEA1F8E6EFE002C4582 /* 1cl.png */; };
		9B509AEF1F8E6EFE002C4582 /* 11cl.png in Resources */ = {isa = PBXBuildFile; fileRef = 9B509AEB1F8E6EFE002C4582 /* 11cl.png */; };
		9B509AF01F8E6EFE002C4582 /* 12cl.png in Resources */ = {isa = PBXBuildFile; fileRef = 9B509AEC1F8E6EFE002C4582 /* 12cl.png */; };
		9B509AF11F8E6EFE002C4582 /* 13cl.png in Resources */ = {isa = PBXBuildFile; fileRef = 9B509AED1F8E6EFE002C4582 /* 13cl.png */; };
		9B509AF61F8E6F0E002C4582 /* 1d.png in Resources */ = {isa = PBXBuildFile; fileRef = 9B509AF21F8E6F0E002C4582 /* 1d.png */; };
		9B509AF71F8E6F0E002C4582 /* 11d.png in Resources */ = {isa = PBXBuildFile; fileRef = 9B509AF31F8E6F0E002C4582 /* 11d.png */; };
		9B509AF81F8E6F0E002C4582 /* 12d.png in Resources */ = {isa = PBXBuildFile; fileRef = 9B509AF41F8E6F0E002C4582 /* 12d.png */; };
		9B509AF91F8E6F0E002C4582 /* 13d.png in Resources */ = {isa = PBXBuildFile; fileRef = 9B509AF51F8E6F0E002C4582 /* 13d.png */; };
		9B509AFD1F8EA158002C4582 /* bg.png in Resources */ = {isa = PBXBuildFile; fileRef = 9B509AFC1F8EA158002C4582 /* bg.png */; };
		9B509B021F8EB396002C4582 /* background.mp3 in Resources */ = {isa = PBXBuildFile; fileRef = 9B509B011F8EB396002C4582 /* background.mp3 */; };
		9B509B041F8EB600002C4582 /* play.mp3 in Resources */ = {isa = PBXBuildFile; fileRef = 9B509B031F8EB600002C4582 /* play.mp3 */; };
		9B509B061F8FA35D002C4582 /* border.png in Resources */ = {isa = PBXBuildFile; fileRef = 9B509B051F8FA35D002C4582 /* border.png */; };
		9B509B091F8FCA34002C4582 /* speakeroff.png in Resources */ = {isa = PBXBuildFile; fileRef = 9B509B071F8FCA34002C4582 /* speakeroff.png */; };
		9B509B0A1F8FCA34002C4582 /* speakeron.png in Resources */ = {isa = PBXBuildFile; fileRef = 9B509B081F8FCA34002C4582 /* speakeron.png */; };
		9B509B0C1F8FFDB8002C4582 /* chip.png in Resources */ = {isa = PBXBuildFile; fileRef = 9B509B0B1F8FFDB8002C4582 /* chip.png */; };
/* End PBXBuildFile section */

/* Begin PBXFileReference section */
		9B509A081F8CF6F1002C4582 /* poker.app */ = {isa = PBXFileReference; explicitFileType = wrapper.application; includeInIndex = 0; path = poker.app; sourceTree = BUILT_PRODUCTS_DIR; };
		9B509A0B1F8CF6F1002C4582 /* AppDelegate.swift */ = {isa = PBXFileReference; lastKnownFileType = sourcecode.swift; path = AppDelegate.swift; sourceTree = "<group>"; };
		9B509A0D1F8CF6F1002C4582 /* ViewController.swift */ = {isa = PBXFileReference; lastKnownFileType = sourcecode.swift; path = ViewController.swift; sourceTree = "<group>"; };
		9B509A101F8CF6F1002C4582 /* Base */ = {isa = PBXFileReference; lastKnownFileType = file.storyboard; name = Base; path = Base.lproj/Main.storyboard; sourceTree = "<group>"; };
		9B509A121F8CF6F1002C4582 /* Assets.xcassets */ = {isa = PBXFileReference; lastKnownFileType = folder.assetcatalog; path = Assets.xcassets; sourceTree = "<group>"; };
		9B509A151F8CF6F1002C4582 /* Base */ = {isa = PBXFileReference; lastKnownFileType = file.storyboard; name = Base; path = Base.lproj/LaunchScreen.storyboard; sourceTree = "<group>"; };
		9B509A171F8CF6F1002C4582 /* Info.plist */ = {isa = PBXFileReference; lastKnownFileType = text.plist.xml; path = Info.plist; sourceTree = "<group>"; };
		9B509A1E1F8D00D8002C4582 /* launch.png */ = {isa = PBXFileReference; lastKnownFileType = image.png; name = launch.png; path = img/launch.png; sourceTree = "<group>"; };
		9B509A361F8D1CE0002C4582 /* Icon-App-20x20@2x.png */ = {isa = PBXFileReference; lastKnownFileType = image.png; name = "Icon-App-20x20@2x.png"; path = "img/icons/Icon-App-20x20@2x.png"; sourceTree = "<group>"; };
		9B509A371F8D1CE0002C4582 /* Icon-App-20x20@3x.png */ = {isa = PBXFileReference; lastKnownFileType = image.png; name = "Icon-App-20x20@3x.png"; path = "img/icons/Icon-App-20x20@3x.png"; sourceTree = "<group>"; };
		9B509A381F8D1CE0002C4582 /* Icon-App-29x29@2x.png */ = {isa = PBXFileReference; lastKnownFileType = image.png; name = "Icon-App-29x29@2x.png"; path = "img/icons/Icon-App-29x29@2x.png"; sourceTree = "<group>"; };
		9B509A391F8D1CE0002C4582 /* Icon-App-29x29@3x.png */ = {isa = PBXFileReference; lastKnownFileType = image.png; name = "Icon-App-29x29@3x.png"; path = "img/icons/Icon-App-29x29@3x.png"; sourceTree = "<group>"; };
		9B509A3A1F8D1CE0002C4582 /* Icon-App-40x40@2x.png */ = {isa = PBXFileReference; lastKnownFileType = image.png; name = "Icon-App-40x40@2x.png"; path = "img/icons/Icon-App-40x40@2x.png"; sourceTree = "<group>"; };
		9B509A3B1F8D1CE0002C4582 /* Icon-App-40x40@3x.png */ = {isa = PBXFileReference; lastKnownFileType = image.png; name = "Icon-App-40x40@3x.png"; path = "img/icons/Icon-App-40x40@3x.png"; sourceTree = "<group>"; };
		9B509A3C1F8D1CE0002C4582 /* Icon-App-60x60@2x.png */ = {isa = PBXFileReference; lastKnownFileType = image.png; name = "Icon-App-60x60@2x.png"; path = "img/icons/Icon-App-60x60@2x.png"; sourceTree = "<group>"; };
		9B509A3D1F8D1CE0002C4582 /* Icon-App-60x60@3x.png */ = {isa = PBXFileReference; lastKnownFileType = image.png; name = "Icon-App-60x60@3x.png"; path = "img/icons/Icon-App-60x60@3x.png"; sourceTree = "<group>"; };
		9B509A461F8D1CEE002C4582 /* 2s.png */ = {isa = PBXFileReference; lastKnownFileType = image.png; name = 2s.png; path = img/cards/space/2s.png; sourceTree = "<group>"; };
		9B509A471F8D1CEE002C4582 /* 3s.png */ = {isa = PBXFileReference; lastKnownFileType = image.png; name = 3s.png; path = img/cards/space/3s.png; sourceTree = "<group>"; };
		9B509A481F8D1CEE002C4582 /* 4s.png */ = {isa = PBXFileReference; lastKnownFileType = image.png; name = 4s.png; path = img/cards/space/4s.png; sourceTree = "<group>"; };
		9B509A491F8D1CEE002C4582 /* 5s.png */ = {isa = PBXFileReference; lastKnownFileType = image.png; name = 5s.png; path = img/cards/space/5s.png; sourceTree = "<group>"; };
		9B509A4A1F8D1CEE002C4582 /* 6s.png */ = {isa = PBXFileReference; lastKnownFileType = image.png; name = 6s.png; path = img/cards/space/6s.png; sourceTree = "<group>"; };
		9B509A4B1F8D1CEE002C4582 /* 7s.png */ = {isa = PBXFileReference; lastKnownFileType = image.png; name = 7s.png; path = img/cards/space/7s.png; sourceTree = "<group>"; };
		9B509A4C1F8D1CEE002C4582 /* 8s.png */ = {isa = PBXFileReference; lastKnownFileType = image.png; name = 8s.png; path = img/cards/space/8s.png; sourceTree = "<group>"; };
		9B509A4D1F8D1CEE002C4582 /* 9s.png */ = {isa = PBXFileReference; lastKnownFileType = image.png; name = 9s.png; path = img/cards/space/9s.png; sourceTree = "<group>"; };
		9B509A4E1F8D1CEE002C4582 /* 10s.png */ = {isa = PBXFileReference; lastKnownFileType = image.png; name = 10s.png; path = img/cards/space/10s.png; sourceTree = "<group>"; };
		9B509A601F8D1CFD002C4582 /* 2c.png */ = {isa = PBXFileReference; lastKnownFileType = image.png; name = 2c.png; path = img/cards/copas/2c.png; sourceTree = "<group>"; };
		9B509A611F8D1CFD002C4582 /* 3c.png */ = {isa = PBXFileReference; lastKnownFileType = image.png; name = 3c.png; path = img/cards/copas/3c.png; sourceTree = "<group>"; };
		9B509A621F8D1CFD002C4582 /* 4c.png */ = {isa = PBXFileReference; lastKnownFileType = image.png; name = 4c.png; path = img/cards/copas/4c.png; sourceTree = "<group>"; };
		9B509A631F8D1CFD002C4582 /* 5c.png */ = {isa = PBXFileReference; lastKnownFileType = image.png; name = 5c.png; path = img/cards/copas/5c.png; sourceTree = "<group>"; };
		9B509A641F8D1CFD002C4582 /* 6c.png */ = {isa = PBXFileReference; lastKnownFileType = image.png; name = 6c.png; path = img/cards/copas/6c.png; sourceTree = "<group>"; };
		9B509A651F8D1CFD002C4582 /* 7c.png */ = {isa = PBXFileReference; lastKnownFileType = image.png; name = 7c.png; path = img/cards/copas/7c.png; sourceTree = "<group>"; };
		9B509A661F8D1CFD002C4582 /* 8c.png */ = {isa = PBXFileReference; lastKnownFileType = image.png; name = 8c.png; path = img/cards/copas/8c.png; sourceTree = "<group>"; };
		9B509A671F8D1CFD002C4582 /* 9c.png */ = {isa = PBXFileReference; lastKnownFileType = image.png; name = 9c.png; path = img/cards/copas/9c.png; sourceTree = "<group>"; };
		9B509A681F8D1CFD002C4582 /* 10c.png */ = {isa = PBXFileReference; lastKnownFileType = image.png; name = 10c.png; path = img/cards/copas/10c.png; sourceTree = "<group>"; };
		9B509A7A1F8D1D63002C4582 /* 2cl.png */ = {isa = PBXFileReference; lastKnownFileType = image.png; name = 2cl.png; path = img/cards/club/2cl.png; sourceTree = "<group>"; };
		9B509A7B1F8D1D63002C4582 /* 3cl.png */ = {isa = PBXFileReference; lastKnownFileType = image.png; name = 3cl.png; path = img/cards/club/3cl.png; sourceTree = "<group>"; };
		9B509A7C1F8D1D63002C4582 /* 4cl.png */ = {isa = PBXFileReference; lastKnownFileType = image.png; name = 4cl.png; path = img/cards/club/4cl.png; sourceTree = "<group>"; };
		9B509A7D1F8D1D63002C4582 /* 5cl.png */ = {isa = PBXFileReference; lastKnownFileType = image.png; name = 5cl.png; path = img/cards/club/5cl.png; sourceTree = "<group>"; };
		9B509A7E1F8D1D63002C4582 /* 6cl.png */ = {isa = PBXFileReference; lastKnownFileType = image.png; name = 6cl.png; path = img/cards/club/6cl.png; sourceTree = "<group>"; };
		9B509A7F1F8D1D63002C4582 /* 7cl.png */ = {isa = PBXFileReference; lastKnownFileType = image.png; name = 7cl.png; path = img/cards/club/7cl.png; sourceTree = "<group>"; };
		9B509A801F8D1D63002C4582 /* 8cl.png */ = {isa = PBXFileReference; lastKnownFileType = image.png; name = 8cl.png; path = img/cards/club/8cl.png; sourceTree = "<group>"; };
		9B509A811F8D1D63002C4582 /* 9cl.png */ = {isa = PBXFileReference; lastKnownFileType = image.png; name = 9cl.png; path = img/cards/club/9cl.png; sourceTree = "<group>"; };
		9B509A821F8D1D63002C4582 /* 10cl.png */ = {isa = PBXFileReference; lastKnownFileType = image.png; name = 10cl.png; path = img/cards/club/10cl.png; sourceTree = "<group>"; };
		9B509A941F8D1D70002C4582 /* 2d.png */ = {isa = PBXFileReference; lastKnownFileType = image.png; name = 2d.png; path = img/cards/diamont/2d.png; sourceTree = "<group>"; };
		9B509A951F8D1D70002C4582 /* 3d.png */ = {isa = PBXFileReference; lastKnownFileType = image.png; name = 3d.png; path = img/cards/diamont/3d.png; sourceTree = "<group>"; };
		9B509A961F8D1D70002C4582 /* 4d.png */ = {isa = PBXFileReference; lastKnownFileType = image.png; name = 4d.png; path = img/cards/diamont/4d.png; sourceTree = "<group>"; };
		9B509A971F8D1D70002C4582 /* 5d.png */ = {isa = PBXFileReference; lastKnownFileType = image.png; name = 5d.png; path = img/cards/diamont/5d.png; sourceTree = "<group>"; };
		9B509A981F8D1D70002C4582 /* 6d.png */ = {isa = PBXFileReference; lastKnownFileType = image.png; name = 6d.png; path = img/cards/diamont/6d.png; sourceTree = "<group>"; };
		9B509A991F8D1D70002C4582 /* 7d.png */ = {isa = PBXFileReference; lastKnownFileType = image.png; name = 7d.png; path = img/cards/diamont/7d.png; sourceTree = "<group>"; };
		9B509A9A1F8D1D70002C4582 /* 8d.png */ = {isa = PBXFileReference; lastKnownFileType = image.png; name = 8d.png; path = img/cards/diamont/8d.png; sourceTree = "<group>"; };
		9B509A9B1F8D1D70002C4582 /* 9d.png */ = {isa = PBXFileReference; lastKnownFileType = image.png; name = 9d.png; path = img/cards/diamont/9d.png; sourceTree = "<group>"; };
		9B509A9C1F8D1D70002C4582 /* 10d.png */ = {isa = PBXFileReference; lastKnownFileType = image.png; name = 10d.png; path = img/cards/diamont/10d.png; sourceTree = "<group>"; };
		9B509AAF1F8D2333002C4582 /* blur1.png */ = {isa = PBXFileReference; lastKnownFileType = image.png; name = blur1.png; path = img/cards/blur/blur1.png; sourceTree = "<group>"; };
		9B509AB01F8D2333002C4582 /* blur2.png */ = {isa = PBXFileReference; lastKnownFileType = image.png; name = blur2.png; path = img/cards/blur/blur2.png; sourceTree = "<group>"; };
		9B509AB11F8D2333002C4582 /* blur3.png */ = {isa = PBXFileReference; lastKnownFileType = image.png; name = blur3.png; path = img/cards/blur/blur3.png; sourceTree = "<group>"; };
		9B509AB21F8D2333002C4582 /* blur4.png */ = {isa = PBXFileReference; lastKnownFileType = image.png; name = blur4.png; path = img/cards/blur/blur4.png; sourceTree = "<group>"; };
		9B509AB31F8D2333002C4582 /* blur5.png */ = {isa = PBXFileReference; lastKnownFileType = image.png; name = blur5.png; path = img/cards/blur/blur5.png; sourceTree = "<group>"; };
		9B509AC11F8D3D27002C4582 /* button.png */ = {isa = PBXFileReference; lastKnownFileType = image.png; name = button.png; path = img/button.png; sourceTree = "<group>"; };
		9B509AC21F8D3D27002C4582 /* button2.png */ = {isa = PBXFileReference; lastKnownFileType = image.png; name = button2.png; path = img/button2.png; sourceTree = "<group>"; };
		9B509AC61F8E4E3F002C4582 /* back1.png */ = {isa = PBXFileReference; lastKnownFileType = image.png; name = back1.png; path = img/cards/back/back1.png; sourceTree = "<group>"; };
		9B509AC71F8E4E3F002C4582 /* back2.png */ = {isa = PBXFileReference; lastKnownFileType = image.png; name = back2.png; path = img/cards/back/back2.png; sourceTree = "<group>"; };
		9B509AC81F8E4E3F002C4582 /* back3.png */ = {isa = PBXFileReference; lastKnownFileType = image.png; name = back3.png; path = img/cards/back/back3.png; sourceTree = "<group>"; };
		9B509AC91F8E4E3F002C4582 /* back4.png */ = {isa = PBXFileReference; lastKnownFileType = image.png; name = back4.png; path = img/cards/back/back4.png; sourceTree = "<group>"; };
		9B509ACA1F8E4E3F002C4582 /* back5.png */ = {isa = PBXFileReference; lastKnownFileType = image.png; name = back5.png; path = img/cards/back/back5.png; sourceTree = "<group>"; };
		9B509AD01F8E57FA002C4582 /* blur6.png */ = {isa = PBXFileReference; lastKnownFileType = image.png; name = blur6.png; path = img/cards/blur/blur6.png; sourceTree = "<group>"; };
		9B509AD11F8E57FA002C4582 /* blur7.png */ = {isa = PBXFileReference; lastKnownFileType = image.png; name = blur7.png; path = img/cards/blur/blur7.png; sourceTree = "<group>"; };
		9B509AD21F8E57FA002C4582 /* blur8.png */ = {isa = PBXFileReference; lastKnownFileType = image.png; name = blur8.png; path = img/cards/blur/blur8.png; sourceTree = "<group>"; };
		9B509AD31F8E57FA002C4582 /* blur9.png */ = {isa = PBXFileReference; lastKnownFileType = image.png; name = blur9.png; path = img/cards/blur/blur9.png; sourceTree = "<group>"; };
		9B509AD41F8E57FA002C4582 /* blur10.png */ = {isa = PBXFileReference; lastKnownFileType = image.png; name = blur10.png; path = img/cards/blur/blur10.png; sourceTree = "<group>"; };
		9B509ADA1F8E6EDD002C4582 /* 1s.png */ = {isa = PBXFileReference; lastKnownFileType = image.png; name = 1s.png; path = img/cards/space/1s.png; sourceTree = "<group>"; };
		9B509ADB1F8E6EDD002C4582 /* 11s.png */ = {isa = PBXFileReference; lastKnownFileType = image.png; name = 11s.png; path = img/cards/space/11s.png; sourceTree = "<group>"; };
		9B509ADC1F8E6EDD002C4582 /* 12s.png */ = {isa = PBXFileReference; lastKnownFileType = image.png; name = 12s.png; path = img/cards/space/12s.png; sourceTree = "<group>"; };
		9B509ADD1F8E6EDD002C4582 /* 13s.png */ = {isa = PBXFileReference; lastKnownFileType = image.png; name = 13s.png; path = img/cards/space/13s.png; sourceTree = "<group>"; };
		9B509AE21F8E6EEC002C4582 /* 1c.png */ = {isa = PBXFileReference; lastKnownFileType = image.png; name = 1c.png; path = img/cards/copas/1c.png; sourceTree = "<group>"; };
		9B509AE31F8E6EEC002C4582 /* 11c.png */ = {isa = PBXFileReference; lastKnownFileType = image.png; name = 11c.png; path = img/cards/copas/11c.png; sourceTree = "<group>"; };
		9B509AE41F8E6EEC002C4582 /* 12c.png */ = {isa = PBXFileReference; lastKnownFileType = image.png; name = 12c.png; path = img/cards/copas/12c.png; sourceTree = "<group>"; };
		9B509AE51F8E6EEC002C4582 /* 13c.png */ = {isa = PBXFileReference; lastKnownFileType = image.png; name = 13c.png; path = img/cards/copas/13c.png; sourceTree = "<group>"; };
		9B509AEA1F8E6EFE002C4582 /* 1cl.png */ = {isa = PBXFileReference; lastKnownFileType = image.png; name = 1cl.png; path = img/cards/club/1cl.png; sourceTree = "<group>"; };
		9B509AEB1F8E6EFE002C4582 /* 11cl.png */ = {isa = PBXFileReference; lastKnownFileType = image.png; name = 11cl.png; path = img/cards/club/11cl.png; sourceTree = "<group>"; };
		9B509AEC1F8E6EFE002C4582 /* 12cl.png */ = {isa = PBXFileReference; lastKnownFileType = image.png; name = 12cl.png; path = img/cards/club/12cl.png; sourceTree = "<group>"; };
		9B509AED1F8E6EFE002C4582 /* 13cl.png */ = {isa = PBXFileReference; lastKnownFileType = image.png; name = 13cl.png; path = img/cards/club/13cl.png; sourceTree = "<group>"; };
		9B509AF21F8E6F0E002C4582 /* 1d.png */ = {isa = PBXFileReference; lastKnownFileType = image.png; name = 1d.png; path = img/cards/diamont/1d.png; sourceTree = "<group>"; };
		9B509AF31F8E6F0E002C4582 /* 11d.png */ = {isa = PBXFileReference; lastKnownFileType = image.png; name = 11d.png; path = img/cards/diamont/11d.png; sourceTree = "<group>"; };
		9B509AF41F8E6F0E002C4582 /* 12d.png */ = {isa = PBXFileReference; lastKnownFileType = image.png; name = 12d.png; path = img/cards/diamont/12d.png; sourceTree = "<group>"; };
		9B509AF51F8E6F0E002C4582 /* 13d.png */ = {isa = PBXFileReference; lastKnownFileType = image.png; name = 13d.png; path = img/cards/diamont/13d.png; sourceTree = "<group>"; };
		9B509AFC1F8EA158002C4582 /* bg.png */ = {isa = PBXFileReference; lastKnownFileType = image.png; name = bg.png; path = img/bg.png; sourceTree = "<group>"; };
		9B509B011F8EB396002C4582 /* background.mp3 */ = {isa = PBXFileReference; lastKnownFileType = audio.mp3; name = background.mp3; path = audio/background.mp3; sourceTree = "<group>"; };
		9B509B031F8EB600002C4582 /* play.mp3 */ = {isa = PBXFileReference; lastKnownFileType = audio.mp3; name = play.mp3; path = audio/play.mp3; sourceTree = "<group>"; };
		9B509B051F8FA35D002C4582 /* border.png */ = {isa = PBXFileReference; lastKnownFileType = image.png; name = border.png; path = img/cards/border.png; sourceTree = "<group>"; };
		9B509B071F8FCA34002C4582 /* speakeroff.png */ = {isa = PBXFileReference; lastKnownFileType = image.png; name = speakeroff.png; path = img/speakeroff.png; sourceTree = "<group>"; };
		9B509B081F8FCA34002C4582 /* speakeron.png */ = {isa = PBXFileReference; lastKnownFileType = image.png; name = speakeron.png; path = img/speakeron.png; sourceTree = "<group>"; };
		9B509B0B1F8FFDB8002C4582 /* chip.png */ = {isa = PBXFileReference; lastKnownFileType = image.png; name = chip.png; path = img/chip.png; sourceTree = "<group>"; };
/* End PBXFileReference section */

/* Begin PBXFrameworksBuildPhase section */
		9B509A051F8CF6F0002C4582 /* Frameworks */ = {
			isa = PBXFrameworksBuildPhase;
			buildActionMask = 2147483647;
			files = (
			);
			runOnlyForDeploymentPostprocessing = 0;
		};
/* End PBXFrameworksBuildPhase section */

/* Begin PBXGroup section */
		9B5099FF1F8CF6F0002C4582 = {
			isa = PBXGroup;
			children = (
				9B509A0A1F8CF6F1002C4582 /* poker */,
				9B509A091F8CF6F1002C4582 /* Products */,
			);
			sourceTree = "<group>";
		};
		9B509A091F8CF6F1002C4582 /* Products */ = {
			isa = PBXGroup;
			children = (
				9B509A081F8CF6F1002C4582 /* poker.app */,
			);
			name = Products;
			sourceTree = "<group>";
		};
		9B509A0A1F8CF6F1002C4582 /* poker */ = {
			isa = PBXGroup;
			children = (
				9B509AFE1F8EB02B002C4582 /* audio */,
				9B509A1D1F8D0090002C4582 /* img */,
				9B509A0B1F8CF6F1002C4582 /* AppDelegate.swift */,
				9B509A0D1F8CF6F1002C4582 /* ViewController.swift */,
				9B509A0F1F8CF6F1002C4582 /* Main.storyboard */,
				9B509A121F8CF6F1002C4582 /* Assets.xcassets */,
				9B509A141F8CF6F1002C4582 /* LaunchScreen.storyboard */,
				9B509A171F8CF6F1002C4582 /* Info.plist */,
			);
			path = poker;
			sourceTree = "<group>";
		};
		9B509A1D1F8D0090002C4582 /* img */ = {
			isa = PBXGroup;
			children = (
				9B509B0B1F8FFDB8002C4582 /* chip.png */,
				9B509B071F8FCA34002C4582 /* speakeroff.png */,
				9B509B081F8FCA34002C4582 /* speakeron.png */,
				9B509AFC1F8EA158002C4582 /* bg.png */,
				9B509AC11F8D3D27002C4582 /* button.png */,
				9B509AC21F8D3D27002C4582 /* button2.png */,
				9B509A311F8D1C77002C4582 /* cards */,
				9B509A301F8D1C6F002C4582 /* icons */,
				9B509A1E1F8D00D8002C4582 /* launch.png */,
			);
			name = img;
			sourceTree = "<group>";
		};
		9B509A301F8D1C6F002C4582 /* icons */ = {
			isa = PBXGroup;
			children = (
				9B509A361F8D1CE0002C4582 /* Icon-App-20x20@2x.png */,
				9B509A371F8D1CE0002C4582 /* Icon-App-20x20@3x.png */,
				9B509A381F8D1CE0002C4582 /* Icon-App-29x29@2x.png */,
				9B509A391F8D1CE0002C4582 /* Icon-App-29x29@3x.png */,
				9B509A3A1F8D1CE0002C4582 /* Icon-App-40x40@2x.png */,
				9B509A3B1F8D1CE0002C4582 /* Icon-App-40x40@3x.png */,
				9B509A3C1F8D1CE0002C4582 /* Icon-App-60x60@2x.png */,
				9B509A3D1F8D1CE0002C4582 /* Icon-App-60x60@3x.png */,
			);
			name = icons;
			sourceTree = "<group>";
		};
		9B509A311F8D1C77002C4582 /* cards */ = {
			isa = PBXGroup;
			children = (
				9B509B051F8FA35D002C4582 /* border.png */,
				9B509AC51F8E4E2E002C4582 /* back */,
				9B509AAE1F8D2321002C4582 /* blur */,
				9B509A351F8D1CA2002C4582 /* space */,
				9B509A341F8D1C9D002C4582 /* copas */,
				9B509A331F8D1C91002C4582 /* club */,
				9B509A321F8D1C8B002C4582 /* diamont */,
			);
			name = cards;
			sourceTree = "<group>";
		};
		9B509A321F8D1C8B002C4582 /* diamont */ = {
			isa = PBXGroup;
			children = (
				9B509AF21F8E6F0E002C4582 /* 1d.png */,
				9B509AF31F8E6F0E002C4582 /* 11d.png */,
				9B509AF41F8E6F0E002C4582 /* 12d.png */,
				9B509AF51F8E6F0E002C4582 /* 13d.png */,
				9B509A941F8D1D70002C4582 /* 2d.png */,
				9B509A951F8D1D70002C4582 /* 3d.png */,
				9B509A961F8D1D70002C4582 /* 4d.png */,
				9B509A971F8D1D70002C4582 /* 5d.png */,
				9B509A981F8D1D70002C4582 /* 6d.png */,
				9B509A991F8D1D70002C4582 /* 7d.png */,
				9B509A9A1F8D1D70002C4582 /* 8d.png */,
				9B509A9B1F8D1D70002C4582 /* 9d.png */,
				9B509A9C1F8D1D70002C4582 /* 10d.png */,
			);
			name = diamont;
			sourceTree = "<group>";
		};
		9B509A331F8D1C91002C4582 /* club */ = {
			isa = PBXGroup;
			children = (
				9B509AEA1F8E6EFE002C4582 /* 1cl.png */,
				9B509AEB1F8E6EFE002C4582 /* 11cl.png */,
				9B509AEC1F8E6EFE002C4582 /* 12cl.png */,
				9B509AED1F8E6EFE002C4582 /* 13cl.png */,
				9B509A7A1F8D1D63002C4582 /* 2cl.png */,
				9B509A7B1F8D1D63002C4582 /* 3cl.png */,
				9B509A7C1F8D1D63002C4582 /* 4cl.png */,
				9B509A7D1F8D1D63002C4582 /* 5cl.png */,
				9B509A7E1F8D1D63002C4582 /* 6cl.png */,
				9B509A7F1F8D1D63002C4582 /* 7cl.png */,
				9B509A801F8D1D63002C4582 /* 8cl.png */,
				9B509A811F8D1D63002C4582 /* 9cl.png */,
				9B509A821F8D1D63002C4582 /* 10cl.png */,
			);
			name = club;
			sourceTree = "<group>";
		};
		9B509A341F8D1C9D002C4582 /* copas */ = {
			isa = PBXGroup;
			children = (
				9B509AE21F8E6EEC002C4582 /* 1c.png */,
				9B509AE31F8E6EEC002C4582 /* 11c.png */,
				9B509AE41F8E6EEC002C4582 /* 12c.png */,
				9B509AE51F8E6EEC002C4582 /* 13c.png */,
				9B509A601F8D1CFD002C4582 /* 2c.png */,
				9B509A611F8D1CFD002C4582 /* 3c.png */,
				9B509A621F8D1CFD002C4582 /* 4c.png */,
				9B509A631F8D1CFD002C4582 /* 5c.png */,
				9B509A641F8D1CFD002C4582 /* 6c.png */,
				9B509A651F8D1CFD002C4582 /* 7c.png */,
				9B509A661F8D1CFD002C4582 /* 8c.png */,
				9B509A671F8D1CFD002C4582 /* 9c.png */,
				9B509A681F8D1CFD002C4582 /* 10c.png */,
			);
			name = copas;
			sourceTree = "<group>";
		};
		9B509A351F8D1CA2002C4582 /* space */ = {
			isa = PBXGroup;
			children = (
				9B509ADA1F8E6EDD002C4582 /* 1s.png */,
				9B509ADB1F8E6EDD002C4582 /* 11s.png */,
				9B509ADC1F8E6EDD002C4582 /* 12s.png */,
				9B509ADD1F8E6EDD002C4582 /* 13s.png */,
				9B509A461F8D1CEE002C4582 /* 2s.png */,
				9B509A471F8D1CEE002C4582 /* 3s.png */,
				9B509A481F8D1CEE002C4582 /* 4s.png */,
				9B509A491F8D1CEE002C4582 /* 5s.png */,
				9B509A4A1F8D1CEE002C4582 /* 6s.png */,
				9B509A4B1F8D1CEE002C4582 /* 7s.png */,
				9B509A4C1F8D1CEE002C4582 /* 8s.png */,
				9B509A4D1F8D1CEE002C4582 /* 9s.png */,
				9B509A4E1F8D1CEE002C4582 /* 10s.png */,
			);
			name = space;
			sourceTree = "<group>";
		};
		9B509AAE1F8D2321002C4582 /* blur */ = {
			isa = PBXGroup;
			children = (
				9B509AD01F8E57FA002C4582 /* blur6.png */,
				9B509AD11F8E57FA002C4582 /* blur7.png */,
				9B509AD21F8E57FA002C4582 /* blur8.png */,
				9B509AD31F8E57FA002C4582 /* blur9.png */,
				9B509AD41F8E57FA002C4582 /* blur10.png */,
				9B509AAF1F8D2333002C4582 /* blur1.png */,
				9B509AB01F8D2333002C4582 /* blur2.png */,
				9B509AB11F8D2333002C4582 /* blur3.png */,
				9B509AB21F8D2333002C4582 /* blur4.png */,
				9B509AB31F8D2333002C4582 /* blur5.png */,
			);
			name = blur;
			sourceTree = "<group>";
		};
		9B509AC51F8E4E2E002C4582 /* back */ = {
			isa = PBXGroup;
			children = (
				9B509AC61F8E4E3F002C4582 /* back1.png */,
				9B509AC71F8E4E3F002C4582 /* back2.png */,
				9B509AC81F8E4E3F002C4582 /* back3.png */,
				9B509AC91F8E4E3F002C4582 /* back4.png */,
				9B509ACA1F8E4E3F002C4582 /* back5.png */,
			);
			name = back;
			sourceTree = "<group>";
		};
		9B509AFE1F8EB02B002C4582 /* audio */ = {
			isa = PBXGroup;
			children = (
				9B509B031F8EB600002C4582 /* play.mp3 */,
				9B509B011F8EB396002C4582 /* background.mp3 */,
			);
			name = audio;
			sourceTree = "<group>";
		};
/* End PBXGroup section */

/* Begin PBXNativeTarget section */
		9B509A071F8CF6F0002C4582 /* poker */ = {
			isa = PBXNativeTarget;
			buildConfigurationList = 9B509A1A1F8CF6F1002C4582 /* Build configuration list for PBXNativeTarget "poker" */;
			buildPhases = (
				9B509A041F8CF6F0002C4582 /* Sources */,
				9B509A051F8CF6F0002C4582 /* Frameworks */,
				9B509A061F8CF6F0002C4582 /* Resources */,
			);
			buildRules = (
			);
			dependencies = (
			);
			name = poker;
			productName = poker;
			productReference = 9B509A081F8CF6F1002C4582 /* poker.app */;
			productType = "com.apple.product-type.application";
		};
/* End PBXNativeTarget section */

/* Begin PBXProject section */
		9B509A001F8CF6F0002C4582 /* Project object */ = {
			isa = PBXProject;
			attributes = {
				LastSwiftUpdateCheck = 0820;
				LastUpgradeCheck = 0820;
				ORGANIZATIONNAME = eleves;
				TargetAttributes = {
					9B509A071F8CF6F0002C4582 = {
						CreatedOnToolsVersion = 8.2;
						ProvisioningStyle = Automatic;
					};
				};
			};
			buildConfigurationList = 9B509A031F8CF6F0002C4582 /* Build configuration list for PBXProject "poker" */;
			compatibilityVersion = "Xcode 3.2";
			developmentRegion = English;
			hasScannedForEncodings = 0;
			knownRegions = (
				en,
				Base,
			);
			mainGroup = 9B5099FF1F8CF6F0002C4582;
			productRefGroup = 9B509A091F8CF6F1002C4582 /* Products */;
			projectDirPath = "";
			projectRoot = "";
			targets = (
				9B509A071F8CF6F0002C4582 /* poker */,
			);
		};
/* End PBXProject section */

/* Begin PBXResourcesBuildPhase section */
		9B509A061F8CF6F0002C4582 /* Resources */ = {
			isa = PBXResourcesBuildPhase;
			buildActionMask = 2147483647;
			files = (
				9B509ACE1F8E4E3F002C4582 /* back4.png in Resources */,
				9B509AB61F8D2333002C4582 /* blur3.png in Resources */,
				9B509AD61F8E57FA002C4582 /* blur7.png in Resources */,
				9B509A8B1F8D1D63002C4582 /* 6cl.png in Resources */,
				9B509AD91F8E57FA002C4582 /* blur10.png in Resources */,
				9B509B091F8FCA34002C4582 /* speakeroff.png in Resources */,
				9B509ACD1F8E4E3F002C4582 /* back3.png in Resources */,
				9B509AFD1F8EA158002C4582 /* bg.png in Resources */,
				9B509A871F8D1D63002C4582 /* 2cl.png in Resources */,
				9B509A6D1F8D1CFD002C4582 /* 2c.png in Resources */,
				9B509A751F8D1CFD002C4582 /* 10c.png in Resources */,
				9B509A591F8D1CEE002C4582 /* 8s.png in Resources */,
				9B509A531F8D1CEE002C4582 /* 2s.png in Resources */,
				9B509A721F8D1CFD002C4582 /* 7c.png in Resources */,
				9B509A561F8D1CEE002C4582 /* 5s.png in Resources */,
				9B509A5B1F8D1CEE002C4582 /* 10s.png in Resources */,
				9B509A8F1F8D1D63002C4582 /* 10cl.png in Resources */,
				9B509AD71F8E57FA002C4582 /* blur8.png in Resources */,
				9B509AE91F8E6EEC002C4582 /* 13c.png in Resources */,
				9B509ADF1F8E6EDD002C4582 /* 11s.png in Resources */,
				9B509A8C1F8D1D63002C4582 /* 7cl.png in Resources */,
				9B509A741F8D1CFD002C4582 /* 9c.png in Resources */,
				9B509AA61F8D1D70002C4582 /* 7d.png in Resources */,
				9B509B0C1F8FFDB8002C4582 /* chip.png in Resources */,
				9B509A8A1F8D1D63002C4582 /* 5cl.png in Resources */,
				9B509AC31F8D3D27002C4582 /* button.png in Resources */,
				9B509B061F8FA35D002C4582 /* border.png in Resources */,
				9B509A541F8D1CEE002C4582 /* 3s.png in Resources */,
				9B509AA81F8D1D70002C4582 /* 9d.png in Resources */,
				9B509AB51F8D2333002C4582 /* blur2.png in Resources */,
				9B509AA31F8D1D70002C4582 /* 4d.png in Resources */,
				9B509AD51F8E57FA002C4582 /* blur6.png in Resources */,
				9B509ACF1F8E4E3F002C4582 /* back5.png in Resources */,
				9B509AF01F8E6EFE002C4582 /* 12cl.png in Resources */,
				9B509AF11F8E6EFE002C4582 /* 13cl.png in Resources */,
				9B509A8E1F8D1D63002C4582 /* 9cl.png in Resources */,
				9B509A6E1F8D1CFD002C4582 /* 3c.png in Resources */,
				9B509A1F1F8D00D8002C4582 /* launch.png in Resources */,
				9B509AE71F8E6EEC002C4582 /* 11c.png in Resources */,
				9B509A5A1F8D1CEE002C4582 /* 9s.png in Resources */,
				9B509A8D1F8D1D63002C4582 /* 8cl.png in Resources */,
				9B509A711F8D1CFD002C4582 /* 6c.png in Resources */,
				9B509A701F8D1CFD002C4582 /* 5c.png in Resources */,
				9B509AF91F8E6F0E002C4582 /* 13d.png in Resources */,
				9B509AA41F8D1D70002C4582 /* 5d.png in Resources */,
				9B509A401F8D1CE0002C4582 /* Icon-App-29x29@2x.png in Resources */,
				9B509A161F8CF6F1002C4582 /* LaunchScreen.storyboard in Resources */,
				9B509A451F8D1CE0002C4582 /* Icon-App-60x60@3x.png in Resources */,
				9B509A581F8D1CEE002C4582 /* 7s.png in Resources */,
				9B509AE01F8E6EDD002C4582 /* 12s.png in Resources */,
				9B509A131F8CF6F1002C4582 /* Assets.xcassets in Resources */,
				9B509AA91F8D1D70002C4582 /* 10d.png in Resources */,
				9B509A3E1F8D1CE0002C4582 /* Icon-App-20x20@2x.png in Resources */,
				9B509A731F8D1CFD002C4582 /* 8c.png in Resources */,
				9B509ACC1F8E4E3F002C4582 /* back2.png in Resources */,
				9B509A431F8D1CE0002C4582 /* Icon-App-40x40@3x.png in Resources */,
				9B509AE81F8E6EEC002C4582 /* 12c.png in Resources */,
				9B509AF71F8E6F0E002C4582 /* 11d.png in Resources */,
				9B509AF61F8E6F0E002C4582 /* 1d.png in Resources */,
				9B509A441F8D1CE0002C4582 /* Icon-App-60x60@2x.png in Resources */,
				9B509AB71F8D2333002C4582 /* blur4.png in Resources */,
				9B509AA11F8D1D70002C4582 /* 2d.png in Resources */,
				9B509A551F8D1CEE002C4582 /* 4s.png in Resources */,
				9B509AE11F8E6EDD002C4582 /* 13s.png in Resources */,
				9B509ACB1F8E4E3F002C4582 /* back1.png in Resources */,
				9B509AB41F8D2333002C4582 /* blur1.png in Resources */,
				9B509AA51F8D1D70002C4582 /* 6d.png in Resources */,
				9B509B021F8EB396002C4582 /* background.mp3 in Resources */,
				9B509A6F1F8D1CFD002C4582 /* 4c.png in Resources */,
				9B509A891F8D1D63002C4582 /* 4cl.png in Resources */,
				9B509AA71F8D1D70002C4582 /* 8d.png in Resources */,
				9B509AF81F8E6F0E002C4582 /* 12d.png in Resources */,
				9B509ADE1F8E6EDD002C4582 /* 1s.png in Resources */,
				9B509A411F8D1CE0002C4582 /* Icon-App-29x29@3x.png in Resources */,
				9B509A421F8D1CE0002C4582 /* Icon-App-40x40@2x.png in Resources */,
				9B509A571F8D1CEE002C4582 /* 6s.png in Resources */,
				9B509A111F8CF6F1002C4582 /* Main.storyboard in Resources */,
				9B509A881F8D1D63002C4582 /* 3cl.png in Resources */,
				9B509A3F1F8D1CE0002C4582 /* Icon-App-20x20@3x.png in Resources */,
				9B509AE61F8E6EEC002C4582 /* 1c.png in Resources */,
				9B509B0A1F8FCA34002C4582 /* speakeron.png in Resources */,
				9B509AD81F8E57FA002C4582 /* blur9.png in Resources */,
				9B509AEE1F8E6EFE002C4582 /* 1cl.png in Resources */,
				9B509AC41F8D3D27002C4582 /* button2.png in Resources */,
				9B509B041F8EB600002C4582 /* play.mp3 in Resources */,
				9B509AEF1F8E6EFE002C4582 /* 11cl.png in Resources */,
				9B509AA21F8D1D70002C4582 /* 3d.png in Resources */,
				9B509AB81F8D2333002C4582 /* blur5.png in Resources */,
			);
			runOnlyForDeploymentPostprocessing = 0;
		};
/* End PBXResourcesBuildPhase section */

/* Begin PBXSourcesBuildPhase section */
		9B509A041F8CF6F0002C4582 /* Sources */ = {
			isa = PBXSourcesBuildPhase;
			buildActionMask = 2147483647;
			files = (
				9B509A0E1F8CF6F1002C4582 /* ViewController.swift in Sources */,
				9B509A0C1F8CF6F1002C4582 /* AppDelegate.swift in Sources */,
			);
			runOnlyForDeploymentPostprocessing = 0;
		};
/* End PBXSourcesBuildPhase section */

/* Begin PBXVariantGroup section */
		9B509A0F1F8CF6F1002C4582 /* Main.storyboard */ = {
			isa = PBXVariantGroup;
			children = (
				9B509A101F8CF6F1002C4582 /* Base */,
			);
			name = Main.storyboard;
			sourceTree = "<group>";
		};
		9B509A141F8CF6F1002C4582 /* LaunchScreen.storyboard */ = {
			isa = PBXVariantGroup;
			children = (
				9B509A151F8CF6F1002C4582 /* Base */,
			);
			name = LaunchScreen.storyboard;
			sourceTree = "<group>";
		};
/* End PBXVariantGroup section */

/* Begin XCBuildConfiguration section */
		9B509A181F8CF6F1002C4582 /* Debug */ = {
			isa = XCBuildConfiguration;
			buildSettings = {
				ALWAYS_SEARCH_USER_PATHS = NO;
				CLANG_ANALYZER_NONNULL = YES;
				CLANG_CXX_LANGUAGE_STANDARD = "gnu++0x";
				CLANG_CXX_LIBRARY = "libc++";
				CLANG_ENABLE_MODULES = YES;
				CLANG_ENABLE_OBJC_ARC = YES;
				CLANG_WARN_BOOL_CONVERSION = YES;
				CLANG_WARN_CONSTANT_CONVERSION = YES;
				CLANG_WARN_DIRECT_OBJC_ISA_USAGE = YES_ERROR;
				CLANG_WARN_DOCUMENTATION_COMMENTS = YES;
				CLANG_WARN_EMPTY_BODY = YES;
				CLANG_WARN_ENUM_CONVERSION = YES;
				CLANG_WARN_INFINITE_RECURSION = YES;
				CLANG_WARN_INT_CONVERSION = YES;
				CLANG_WARN_OBJC_ROOT_CLASS = YES_ERROR;
				CLANG_WARN_SUSPICIOUS_MOVE = YES;
				CLANG_WARN_UNREACHABLE_CODE = YES;
				CLANG_WARN__DUPLICATE_METHOD_MATCH = YES;
				"CODE_SIGN_IDENTITY[sdk=iphoneos*]" = "iPhone Developer";
				COPY_PHASE_STRIP = NO;
				DEBUG_INFORMATION_FORMAT = dwarf;
				ENABLE_STRICT_OBJC_MSGSEND = YES;
				ENABLE_TESTABILITY = YES;
				GCC_C_LANGUAGE_STANDARD = gnu99;
				GCC_DYNAMIC_NO_PIC = NO;
				GCC_NO_COMMON_BLOCKS = YES;
				GCC_OPTIMIZATION_LEVEL = 0;
				GCC_PREPROCESSOR_DEFINITIONS = (
					"DEBUG=1",
					"$(inherited)",
				);
				GCC_WARN_64_TO_32_BIT_CONVERSION = YES;
				GCC_WARN_ABOUT_RETURN_TYPE = YES_ERROR;
				GCC_WARN_UNDECLARED_SELECTOR = YES;
				GCC_WARN_UNINITIALIZED_AUTOS = YES_AGGRESSIVE;
				GCC_WARN_UNUSED_FUNCTION = YES;
				GCC_WARN_UNUSED_VARIABLE = YES;
				IPHONEOS_DEPLOYMENT_TARGET = 10.2;
				MTL_ENABLE_DEBUG_INFO = YES;
				ONLY_ACTIVE_ARCH = YES;
				SDKROOT = iphoneos;
				SWIFT_ACTIVE_COMPILATION_CONDITIONS = DEBUG;
				SWIFT_OPTIMIZATION_LEVEL = "-Onone";
			};
			name = Debug;
		};
		9B509A191F8CF6F1002C4582 /* Release */ = {
			isa = XCBuildConfiguration;
			buildSettings = {
				ALWAYS_SEARCH_USER_PATHS = NO;
				CLANG_ANALYZER_NONNULL = YES;
				CLANG_CXX_LANGUAGE_STANDARD = "gnu++0x";
				CLANG_CXX_LIBRARY = "libc++";
				CLANG_ENABLE_MODULES = YES;
				CLANG_ENABLE_OBJC_ARC = YES;
				CLANG_WARN_BOOL_CONVERSION = YES;
				CLANG_WARN_CONSTANT_CONVERSION = YES;
				CLANG_WARN_DIRECT_OBJC_ISA_USAGE = YES_ERROR;
				CLANG_WARN_DOCUMENTATION_COMMENTS = YES;
				CLANG_WARN_EMPTY_BODY = YES;
				CLANG_WARN_ENUM_CONVERSION = YES;
				CLANG_WARN_INFINITE_RECURSION = YES;
				CLANG_WARN_INT_CONVERSION = YES;
				CLANG_WARN_OBJC_ROOT_CLASS = YES_ERROR;
				CLANG_WARN_SUSPICIOUS_MOVE = YES;
				CLANG_WARN_UNREACHABLE_CODE = YES;
				CLANG_WARN__DUPLICATE_METHOD_MATCH = YES;
				"CODE_SIGN_IDENTITY[sdk=iphoneos*]" = "iPhone Developer";
				COPY_PHASE_STRIP = NO;
				DEBUG_INFORMATION_FORMAT = "dwarf-with-dsym";
				ENABLE_NS_ASSERTIONS = NO;
				ENABLE_STRICT_OBJC_MSGSEND = YES;
				GCC_C_LANGUAGE_STANDARD = gnu99;
				GCC_NO_COMMON_BLOCKS = YES;
				GCC_WARN_64_TO_32_BIT_CONVERSION = YES;
				GCC_WARN_ABOUT_RETURN_TYPE = YES_ERROR;
				GCC_WARN_UNDECLARED_SELECTOR = YES;
				GCC_WARN_UNINITIALIZED_AUTOS = YES_AGGRESSIVE;
				GCC_WARN_UNUSED_FUNCTION = YES;
				GCC_WARN_UNUSED_VARIABLE = YES;
				IPHONEOS_DEPLOYMENT_TARGET = 10.2;
				MTL_ENABLE_DEBUG_INFO = NO;
				SDKROOT = iphoneos;
				SWIFT_OPTIMIZATION_LEVEL = "-Owholemodule";
				VALIDATE_PRODUCT = YES;
			};
			name = Release;
		};
		9B509A1B1F8CF6F1002C4582 /* Debug */ = {
			isa = XCBuildConfiguration;
			buildSettings = {
				ASSETCATALOG_COMPILER_APPICON_NAME = AppIcon;
				INFOPLIST_FILE = poker/Info.plist;
				LD_RUNPATH_SEARCH_PATHS = "$(inherited) @executable_path/Frameworks";
				PRODUCT_BUNDLE_IDENTIFIER = com.fabiose.introprog.poker;
				PRODUCT_NAME = "$(TARGET_NAME)";
				SWIFT_VERSION = 3.0;
			};
			name = Debug;
		};
		9B509A1C1F8CF6F1002C4582 /* Release */ = {
			isa = XCBuildConfiguration;
			buildSettings = {
				ASSETCATALOG_COMPILER_APPICON_NAME = AppIcon;
				INFOPLIST_FILE = poker/Info.plist;
				LD_RUNPATH_SEARCH_PATHS = "$(inherited) @executable_path/Frameworks";
				PRODUCT_BUNDLE_IDENTIFIER = com.fabiose.introprog.poker;
				PRODUCT_NAME = "$(TARGET_NAME)";
				SWIFT_VERSION = 3.0;
			};
			name = Release;
		};
/* End XCBuildConfiguration section */

/* Begin XCConfigurationList section */
		9B509A031F8CF6F0002C4582 /* Build configuration list for PBXProject "poker" */ = {
			isa = XCConfigurationList;
			buildConfigurations = (
				9B509A181F8CF6F1002C4582 /* Debug */,
				9B509A191F8CF6F1002C4582 /* Release */,
			);
			defaultConfigurationIsVisible = 0;
			defaultConfigurationName = Release;
		};
		9B509A1A1F8CF6F1002C4582 /* Build configuration list for PBXNativeTarget "poker" */ = {
			isa = XCConfigurationList;
			buildConfigurations = (
				9B509A1B1F8CF6F1002C4582 /* Debug */,
				9B509A1C1F8CF6F1002C4582 /* Release */,
			);
			defaultConfigurationIsVisible = 0;
			defaultConfigurationName = Release;
		};
/* End XCConfigurationList section */
	};
	rootObject = 9B509A001F8CF6F0002C4582 /* Project object */;
}
